
Microsoft Visual Studio Solution File, Format Version 12.00
# Visual Studio Version 17
VisualStudioVersion = 17.1.32104.313
MinimumVisualStudioVersion = 10.0.40219.1
Project("{2150E333-8FDC-42A3-9474-1A3956D46DE8}") = "UnitTest", "UnitTest", "{5FD0859D-6530-4DDC-A9F6-FC5648EA44B6}"
EndProject
Project("{2150E333-8FDC-42A3-9474-1A3956D46DE8}") = "WebApp&UI", "WebApp&UI", "{F2BA080C-1A09-4877-9AA0-E4158CA09DBE}"
EndProject
Project("{2150E333-8FDC-42A3-9474-1A3956D46DE8}") = "Desktop", "Desktop", "{9CC67808-BB6B-49B0-9B88-23F4C8BA07A3}"
EndProject
Project("{2150E333-8FDC-42A3-9474-1A3956D46DE8}") = "Cross-platformClient", "Cross-platformClient", "{3460FC15-DD24-4AA8-BCD3-0BB4F42FD14A}"
EndProject
Project("{2150E333-8FDC-42A3-9474-1A3956D46DE8}") = "Database", "Database", "{287C1CFE-3024-4752-9C22-F0D4CEEF65DF}"
EndProject
Project("{2150E333-8FDC-42A3-9474-1A3956D46DE8}") = "WebAPI", "WebAPI", "{7E69504D-C80C-4953-918E-DFE5AAD9D2E3}"
EndProject
Project("{2150E333-8FDC-42A3-9474-1A3956D46DE8}") = "00.CommonCL", "00.CommonCL", "{C32E20C0-DCB1-4019-BD6B-0003638DB9BF}"
EndProject
Project("{9A19103F-16F7-4668-BE54-9A1E7A4F7556}") = "SCscCL_Model", "SCscCL_Model\SCscCL_Model.csproj", "{76568720-5C64-405F-AD90-0A73C8244410}"
EndProject
Project("{9A19103F-16F7-4668-BE54-9A1E7A4F7556}") = "SCscCL_NUnitTest", "SCscCL_NUnitTest\SCscCL_NUnitTest.csproj", "{374C1CF3-9FA7-412B-9AD9-0BC8E121CF83}"
EndProject
Project("{2150E333-8FDC-42A3-9474-1A3956D46DE8}") = "Job", "Job", "{5F61B02B-6E3A-4188-BCA9-25FB9A807AE4}"
EndProject
Project("{2150E333-8FDC-42A3-9474-1A3956D46DE8}") = "CSharpLanguage", "CSharpLanguage", "{855ECCB8-AEE8-49B3-B5DA-1F2A67F348B7}"
EndProject
Project("{2150E333-8FDC-42A3-9474-1A3956D46DE8}") = "Algorithm", "Algorithm", "{B70B358B-75BD-4F98-922F-84A69C03FA0B}"
EndProject
Project("{2150E333-8FDC-42A3-9474-1A3956D46DE8}") = "ConsoleApp", "ConsoleApp", "{8AC9F283-BE31-4ADA-9EB2-4CE41BF0AC0B}"
EndProject
Project("{9A19103F-16F7-4668-BE54-9A1E7A4F7556}") = "SCscCL_ConsoleApp", "SCscCL_ConsoleApp\SCscCL_ConsoleApp.csproj", "{9297D74F-88C0-4110-8C94-E0ABDD4DB691}"
EndProject
Project("{9A19103F-16F7-4668-BE54-9A1E7A4F7556}") = "SCscCL_XNuitTest", "SCscCL_XNuitTest\SCscCL_XNuitTest.csproj", "{1D9FB004-D1DC-45E4-8A49-E329CAAE0D79}"
EndProject
Project("{9A19103F-16F7-4668-BE54-9A1E7A4F7556}") = "SCscCL_MSUnitTest", "SCscCL_MSUnitTest\SCscCL_MSUnitTest.csproj", "{3510EF97-6B8F-474F-BBCC-BEDE4AE59385}"
EndProject
Project("{9A19103F-16F7-4668-BE54-9A1E7A4F7556}") = "SCscCL_AlgorithmNUnitTest", "SCscCL_AlgorithmNUnitTest\SCscCL_AlgorithmNUnitTest.csproj", "{B46D5685-E8AF-44FC-B994-1325225B5C84}"
EndProject
Project("{2150E333-8FDC-42A3-9474-1A3956D46DE8}") = "RPCAndGrpc", "RPCAndGrpc", "{7762A995-A200-4618-9A20-8E90D55402E7}"
EndProject
Project("{9A19103F-16F7-4668-BE54-9A1E7A4F7556}") = "SCscCL_GrpcService", "SCscCL_GrpcService\SCscCL_GrpcService.csproj", "{9EC0B496-FE07-4FDE-92E1-F62366125138}"
EndProject
Project("{9A19103F-16F7-4668-BE54-9A1E7A4F7556}") = "SCscCL_CSharpLanguageVersionNUnitTest", "SCscCL_CSharpLanguageVersionNUnitTest\SCscCL_CSharpLanguageVersionNUnitTest.csproj", "{F48514E9-9B2B-426B-A98E-CDFDE3E1EA81}"
EndProject
Project("{9A19103F-16F7-4668-BE54-9A1E7A4F7556}") = "SCscCL_WebAPI", "SCscCL_WebAPI\SCscCL_WebAPI.csproj", "{66BDA703-5D89-4A22-A89B-8DEE0032E431}"
EndProject
Project("{9A19103F-16F7-4668-BE54-9A1E7A4F7556}") = "SCscCL_BlazorServer", "SCscCL_BlazorServer\SCscCL_BlazorServer.csproj", "{76D3621C-3147-4C63-91A7-784F6BE24FA7}"
EndProject
Project("{9A19103F-16F7-4668-BE54-9A1E7A4F7556}") = "SCscCL_BlazorWebAssembly", "SCscCL_BlazorWebAssembly\SCscCL_BlazorWebAssembly.csproj", "{03B6B5B8-B810-4EAC-AAB6-BBFA8A058C53}"
EndProject
Project("{9A19103F-16F7-4668-BE54-9A1E7A4F7556}") = "SCscCL_Blazor", "SCscCL_Blazor\SCscCL_Blazor.csproj", "{25562B4D-B710-4988-B4AA-94F8F14B5A2D}"
EndProject
Project("{2150E333-8FDC-42A3-9474-1A3956D46DE8}") = "DesignPattern", "DesignPattern", "{A8F023E9-60FB-48DA-9510-1A0325C9F714}"
EndProject
Project("{9A19103F-16F7-4668-BE54-9A1E7A4F7556}") = "SCsc_DesignPattern.Proxy", "SCscCL_DesignPattern\SCsc_DesignPattern.Proxy\SCsc_DesignPattern.Proxy.csproj", "{7AFC6515-D0E3-46EE-8473-E42E6EE2D510}"
EndProject
Project("{9A19103F-16F7-4668-BE54-9A1E7A4F7556}") = "SCsc_DesignPattern.SimpleFactory", "SCscCL_DesignPattern\SCsc_DesignPattern.SimpleFactory\SCsc_DesignPattern.SimpleFactory.csproj", "{2525DD0A-2346-4BCC-9332-4778D1699956}"
EndProject
Project("{9A19103F-16F7-4668-BE54-9A1E7A4F7556}") = "SCsc_DesignPattern.Singleton", "SCscCL_DesignPattern\SCsc_DesignPattern.Singleton\SCsc_DesignPattern.Singleton.csproj", "{4BDC34EA-9560-43FF-BB20-A437AF663061}"
EndProject
Project("{9A19103F-16F7-4668-BE54-9A1E7A4F7556}") = "SCsc_DesignPattern.Prototype", "SCscCL_DesignPattern\SCsc_DesignPattern.Prototype\SCsc_DesignPattern.Prototype.csproj", "{F85BF7C4-637D-478F-BF86-BA7154355D78}"
EndProject
Project("{9A19103F-16F7-4668-BE54-9A1E7A4F7556}") = "SCsc_DesignPattern.Flyweight", "SCscCL_DesignPattern\SCsc_DesignPattern.Flyweight\SCsc_DesignPattern.Flyweight.csproj", "{B105B36A-67AB-41DE-9DE6-BE6550350436}"
EndProject
Project("{9A19103F-16F7-4668-BE54-9A1E7A4F7556}") = "SCsc_DesignPattern.Facade", "SCscCL_DesignPattern\SCsc_DesignPattern.Facade\SCsc_DesignPattern.Facade.csproj", "{F4A15877-FA26-4B08-B1C8-CB747735CA1F}"
EndProject
Project("{9A19103F-16F7-4668-BE54-9A1E7A4F7556}") = "SCsc_DesignPattern.Decorator", "SCscCL_DesignPattern\SCsc_DesignPattern.Decorator\SCsc_DesignPattern.Decorator.csproj", "{7E396952-983B-4027-B90E-BEBA1EB5DDA3}"
EndProject
Project("{9A19103F-16F7-4668-BE54-9A1E7A4F7556}") = "SCsc_DesignPattern.Composite", "SCscCL_DesignPattern\SCsc_DesignPattern.Composite\SCsc_DesignPattern.Composite.csproj", "{5B53611F-2405-4EC0-A1FB-B2430D8803DD}"
EndProject
Project("{9A19103F-16F7-4668-BE54-9A1E7A4F7556}") = "SCsc_DesignPattern.Builder", "SCscCL_DesignPattern\SCsc_DesignPattern.Builder\SCsc_DesignPattern.Builder.csproj", "{335E026D-DFC6-4959-B5AF-4EC38EEDAB95}"
EndProject
Project("{9A19103F-16F7-4668-BE54-9A1E7A4F7556}") = "SCsc_DesignPattern.Bridge", "SCscCL_DesignPattern\SCsc_DesignPattern.Bridge\SCsc_DesignPattern.Bridge.csproj", "{5AA201AD-679E-4481-9036-42BFDA7146A5}"
EndProject
Project("{9A19103F-16F7-4668-BE54-9A1E7A4F7556}") = "SCsc_DesignPattern.Adapter", "SCscCL_DesignPattern\SCsc_DesignPattern.Adapter\SCsc_DesignPattern.Adapter.csproj", "{BD23F9DC-44B8-46AF-99CF-DCD7F2DE2E40}"
EndProject
Project("{9A19103F-16F7-4668-BE54-9A1E7A4F7556}") = "SCscCL_GrpcClient", "SCscCL_GrpcClient\SCscCL_GrpcClient.csproj", "{5F7B80AE-06DA-4AA4-9992-3CE39AE2BB9F}"
EndProject
Project("{9A19103F-16F7-4668-BE54-9A1E7A4F7556}") = "SCsc_DesignPattern.CustomIOC", "SCsc_DesignPattern.CustomIOC\SCsc_DesignPattern.CustomIOC.csproj", "{CA1D97C6-3AFE-4145-9022-4D623D9D9E95}"
EndProject
Project("{9A19103F-16F7-4668-BE54-9A1E7A4F7556}") = "SCscCL_HighQuality157Code", "SCscCL_HighQuality157Code\SCscCL_HighQuality157Code.csproj", "{31EBD100-F175-4667-98F9-7013FC075FD4}"
EndProject
Project("{9A19103F-16F7-4668-BE54-9A1E7A4F7556}") = "SCscCL_MVC", "SCscCL_MVC\SCscCL_MVC.csproj", "{6113E178-EAB4-4AFB-9821-9C5EB09B1324}"
EndProject
Project("{9A19103F-16F7-4668-BE54-9A1E7A4F7556}") = "SCscCL_MiniAPI", "SCscCL_MiniAPI\SCscCL_MiniAPI.csproj", "{CFFE928C-7245-4957-A133-7B3DFFCCDC5D}"
EndProject
Project("{9A19103F-16F7-4668-BE54-9A1E7A4F7556}") = "SCscClMauiBlazorHybrid", "SCscClMauiBlazorHybrid\SCscClMauiBlazorHybrid.csproj", "{2EF21CA4-E566-44C9-B3D9-59F588C725E0}"
EndProject
Project("{9A19103F-16F7-4668-BE54-9A1E7A4F7556}") = "SCsc_DesignPattern.IOC", "SCsc_DesignPattern.IOC\SCsc_DesignPattern.IOC.csproj", "{07BFFC5E-F590-4505-9EBD-7C1A0FABA1D8}"
EndProject
Project("{9A19103F-16F7-4668-BE54-9A1E7A4F7556}") = "DPExamples", "DPExamples\DPExamples.csproj", "{DE316518-D7EA-42FE-84C5-FB65AC910BF8}"
EndProject
Project("{2150E333-8FDC-42A3-9474-1A3956D46DE8}") = "ZZ_MgtFile", "ZZ_MgtFile", "{98EFDE76-1523-477E-9525-36FE282969EE}"
	ProjectSection(SolutionItems) = preProject
		.gitignore = .gitignore
	EndProjectSection
EndProject
Project("{9A19103F-16F7-4668-BE54-9A1E7A4F7556}") = "Aplc4FileTransHp", "..\UFQI_015_SCscBlogMSAPP\Aplc4FileTransHp\Aplc4FileTransHp.csproj", "{FA8D2ADA-18EA-48A3-8799-5C0CF80689A7}"
EndProject
Project("{9A19103F-16F7-4668-BE54-9A1E7A4F7556}") = "SCscCL_Wpf", "SCscCL_Wpf\SCscCL_Wpf.csproj", "{A6F05F99-30F6-402A-8107-0C92E3285307}"
EndProject
Project("{2150E333-8FDC-42A3-9474-1A3956D46DE8}") = "Aspire", "Aspire", "{C3FEA30E-63CA-42E7-85AA-2571B51FADB0}"
EndProject
Project("{FAE04EC0-301F-11D3-BF4B-00C04F79EFBC}") = "AspireStarterApp1.AppHost", "AspireStarterApp1\AspireStarterApp1.AppHost\AspireStarterApp1.AppHost.csproj", "{A80529CA-4CD0-4632-954E-B64FE176A563}"
EndProject
Project("{9A19103F-16F7-4668-BE54-9A1E7A4F7556}") = "AspireStarterApp1.ServiceDefaults", "AspireStarterApp1\AspireStarterApp1.ServiceDefaults\AspireStarterApp1.ServiceDefaults.csproj", "{81884241-8E07-41A7-9F3E-E399481CD3FB}"
EndProject
Project("{9A19103F-16F7-4668-BE54-9A1E7A4F7556}") = "AspireStarterApp1.ApiService", "AspireStarterApp1\AspireStarterApp1.ApiService\AspireStarterApp1.ApiService.csproj", "{D20BE2B3-C2D2-45F0-B3BA-750D5331CD6E}"
EndProject
Project("{9A19103F-16F7-4668-BE54-9A1E7A4F7556}") = "AspireStarterApp1.Web", "AspireStarterApp1\AspireStarterApp1.Web\AspireStarterApp1.Web.csproj", "{A9339DA6-ADA8-459F-8DEF-C234CC1FBE29}"
EndProject
Project("{2150E333-8FDC-42A3-9474-1A3956D46DE8}") = "AspireStarterApplication", "AspireStarterApplication", "{7A3F7AFC-D916-4673-920C-01312B6BD7A9}"
EndProject
Project("{2150E333-8FDC-42A3-9474-1A3956D46DE8}") = "AspireApplication", "AspireApplication", "{6F346111-6ACB-4059-9966-085C4A97EE99}"
EndProject
Project("{FAE04EC0-301F-11D3-BF4B-00C04F79EFBC}") = "AspireApp1.AppHost", "AspireApp1\AspireApp1.AppHost\AspireApp1.AppHost.csproj", "{01AF9365-1D87-4CFF-8E08-84637F276BBF}"
EndProject
Project("{9A19103F-16F7-4668-BE54-9A1E7A4F7556}") = "AspireApp1.ServiceDefaults", "AspireApp1\AspireApp1.ServiceDefaults\AspireApp1.ServiceDefaults.csproj", "{E339C424-3342-4563-8FF5-8995CABAE37A}"
EndProject
Project("{2150E333-8FDC-42A3-9474-1A3956D46DE8}") = "AspireAppHost", "AspireAppHost", "{CAF0B91D-E906-46ED-BBFB-BCF1D89113DF}"
EndProject
Project("{FAE04EC0-301F-11D3-BF4B-00C04F79EFBC}") = "AppHost1", "AppHost1\AppHost1.csproj", "{C90A385F-23F7-4CDD-BDDD-B39A3BDE64FC}"
EndProject
Project("{2150E333-8FDC-42A3-9474-1A3956D46DE8}") = "AspireServiceDefaults", "AspireServiceDefaults", "{978C939F-65BA-40D1-B206-E0847628AFCC}"
EndProject
Project("{FAE04EC0-301F-11D3-BF4B-00C04F79EFBC}") = "ServiceDefaults1", "ServiceDefaults1\ServiceDefaults1.csproj", "{7CEE1521-941B-409B-A3F5-AE9378F0DBB1}"
EndProject
Global
	GlobalSection(SolutionConfigurationPlatforms) = preSolution
		DEBUG_CG|Any CPU = DEBUG_CG|Any CPU
		Debug|Any CPU = Debug|Any CPU
		Release|Any CPU = Release|Any CPU
	EndGlobalSection
	GlobalSection(ProjectConfigurationPlatforms) = postSolution
		{76568720-5C64-405F-AD90-0A73C8244410}.DEBUG_CG|Any CPU.ActiveCfg = Debug|Any CPU
		{76568720-5C64-405F-AD90-0A73C8244410}.DEBUG_CG|Any CPU.Build.0 = Debug|Any CPU
		{76568720-5C64-405F-AD90-0A73C8244410}.Debug|Any CPU.ActiveCfg = Debug|Any CPU
		{76568720-5C64-405F-AD90-0A73C8244410}.Debug|Any CPU.Build.0 = Debug|Any CPU
		{76568720-5C64-405F-AD90-0A73C8244410}.Release|Any CPU.ActiveCfg = Release|Any CPU
		{76568720-5C64-405F-AD90-0A73C8244410}.Release|Any CPU.Build.0 = Release|Any CPU
		{374C1CF3-9FA7-412B-9AD9-0BC8E121CF83}.DEBUG_CG|Any CPU.ActiveCfg = Debug|Any CPU
		{374C1CF3-9FA7-412B-9AD9-0BC8E121CF83}.DEBUG_CG|Any CPU.Build.0 = Debug|Any CPU
		{374C1CF3-9FA7-412B-9AD9-0BC8E121CF83}.Debug|Any CPU.ActiveCfg = Debug|Any CPU
		{374C1CF3-9FA7-412B-9AD9-0BC8E121CF83}.Debug|Any CPU.Build.0 = Debug|Any CPU
		{374C1CF3-9FA7-412B-9AD9-0BC8E121CF83}.Release|Any CPU.ActiveCfg = Release|Any CPU
		{374C1CF3-9FA7-412B-9AD9-0BC8E121CF83}.Release|Any CPU.Build.0 = Release|Any CPU
		{9297D74F-88C0-4110-8C94-E0ABDD4DB691}.DEBUG_CG|Any CPU.ActiveCfg = Debug|Any CPU
		{9297D74F-88C0-4110-8C94-E0ABDD4DB691}.DEBUG_CG|Any CPU.Build.0 = Debug|Any CPU
		{9297D74F-88C0-4110-8C94-E0ABDD4DB691}.Debug|Any CPU.ActiveCfg = Debug|Any CPU
		{9297D74F-88C0-4110-8C94-E0ABDD4DB691}.Debug|Any CPU.Build.0 = Debug|Any CPU
		{9297D74F-88C0-4110-8C94-E0ABDD4DB691}.Release|Any CPU.ActiveCfg = Release|Any CPU
		{9297D74F-88C0-4110-8C94-E0ABDD4DB691}.Release|Any CPU.Build.0 = Release|Any CPU
		{1D9FB004-D1DC-45E4-8A49-E329CAAE0D79}.DEBUG_CG|Any CPU.ActiveCfg = Debug|Any CPU
		{1D9FB004-D1DC-45E4-8A49-E329CAAE0D79}.DEBUG_CG|Any CPU.Build.0 = Debug|Any CPU
		{1D9FB004-D1DC-45E4-8A49-E329CAAE0D79}.Debug|Any CPU.ActiveCfg = Debug|Any CPU
		{1D9FB004-D1DC-45E4-8A49-E329CAAE0D79}.Debug|Any CPU.Build.0 = Debug|Any CPU
		{1D9FB004-D1DC-45E4-8A49-E329CAAE0D79}.Release|Any CPU.ActiveCfg = Release|Any CPU
		{1D9FB004-D1DC-45E4-8A49-E329CAAE0D79}.Release|Any CPU.Build.0 = Release|Any CPU
		{3510EF97-6B8F-474F-BBCC-BEDE4AE59385}.DEBUG_CG|Any CPU.ActiveCfg = Debug|Any CPU
		{3510EF97-6B8F-474F-BBCC-BEDE4AE59385}.DEBUG_CG|Any CPU.Build.0 = Debug|Any CPU
		{3510EF97-6B8F-474F-BBCC-BEDE4AE59385}.Debug|Any CPU.ActiveCfg = Debug|Any CPU
		{3510EF97-6B8F-474F-BBCC-BEDE4AE59385}.Debug|Any CPU.Build.0 = Debug|Any CPU
		{3510EF97-6B8F-474F-BBCC-BEDE4AE59385}.Release|Any CPU.ActiveCfg = Release|Any CPU
		{3510EF97-6B8F-474F-BBCC-BEDE4AE59385}.Release|Any CPU.Build.0 = Release|Any CPU
		{B46D5685-E8AF-44FC-B994-1325225B5C84}.DEBUG_CG|Any CPU.ActiveCfg = Debug|Any CPU
		{B46D5685-E8AF-44FC-B994-1325225B5C84}.DEBUG_CG|Any CPU.Build.0 = Debug|Any CPU
		{B46D5685-E8AF-44FC-B994-1325225B5C84}.Debug|Any CPU.ActiveCfg = Debug|Any CPU
		{B46D5685-E8AF-44FC-B994-1325225B5C84}.Debug|Any CPU.Build.0 = Debug|Any CPU
		{B46D5685-E8AF-44FC-B994-1325225B5C84}.Release|Any CPU.ActiveCfg = Release|Any CPU
		{B46D5685-E8AF-44FC-B994-1325225B5C84}.Release|Any CPU.Build.0 = Release|Any CPU
		{9EC0B496-FE07-4FDE-92E1-F62366125138}.DEBUG_CG|Any CPU.ActiveCfg = Debug|Any CPU
		{9EC0B496-FE07-4FDE-92E1-F62366125138}.DEBUG_CG|Any CPU.Build.0 = Debug|Any CPU
		{9EC0B496-FE07-4FDE-92E1-F62366125138}.Debug|Any CPU.ActiveCfg = Debug|Any CPU
		{9EC0B496-FE07-4FDE-92E1-F62366125138}.Debug|Any CPU.Build.0 = Debug|Any CPU
		{9EC0B496-FE07-4FDE-92E1-F62366125138}.Release|Any CPU.ActiveCfg = Release|Any CPU
		{9EC0B496-FE07-4FDE-92E1-F62366125138}.Release|Any CPU.Build.0 = Release|Any CPU
		{F48514E9-9B2B-426B-A98E-CDFDE3E1EA81}.DEBUG_CG|Any CPU.ActiveCfg = Debug|Any CPU
		{F48514E9-9B2B-426B-A98E-CDFDE3E1EA81}.DEBUG_CG|Any CPU.Build.0 = Debug|Any CPU
		{F48514E9-9B2B-426B-A98E-CDFDE3E1EA81}.Debug|Any CPU.ActiveCfg = Debug|Any CPU
		{F48514E9-9B2B-426B-A98E-CDFDE3E1EA81}.Debug|Any CPU.Build.0 = Debug|Any CPU
		{F48514E9-9B2B-426B-A98E-CDFDE3E1EA81}.Release|Any CPU.ActiveCfg = Release|Any CPU
		{F48514E9-9B2B-426B-A98E-CDFDE3E1EA81}.Release|Any CPU.Build.0 = Release|Any CPU
		{66BDA703-5D89-4A22-A89B-8DEE0032E431}.DEBUG_CG|Any CPU.ActiveCfg = Debug|Any CPU
		{66BDA703-5D89-4A22-A89B-8DEE0032E431}.DEBUG_CG|Any CPU.Build.0 = Debug|Any CPU
		{66BDA703-5D89-4A22-A89B-8DEE0032E431}.Debug|Any CPU.ActiveCfg = Debug|Any CPU
		{66BDA703-5D89-4A22-A89B-8DEE0032E431}.Debug|Any CPU.Build.0 = Debug|Any CPU
		{66BDA703-5D89-4A22-A89B-8DEE0032E431}.Release|Any CPU.ActiveCfg = Release|Any CPU
		{66BDA703-5D89-4A22-A89B-8DEE0032E431}.Release|Any CPU.Build.0 = Release|Any CPU
		{76D3621C-3147-4C63-91A7-784F6BE24FA7}.DEBUG_CG|Any CPU.ActiveCfg = Debug|Any CPU
		{76D3621C-3147-4C63-91A7-784F6BE24FA7}.DEBUG_CG|Any CPU.Build.0 = Debug|Any CPU
		{76D3621C-3147-4C63-91A7-784F6BE24FA7}.Debug|Any CPU.ActiveCfg = Debug|Any CPU
		{76D3621C-3147-4C63-91A7-784F6BE24FA7}.Debug|Any CPU.Build.0 = Debug|Any CPU
		{76D3621C-3147-4C63-91A7-784F6BE24FA7}.Release|Any CPU.ActiveCfg = Release|Any CPU
		{76D3621C-3147-4C63-91A7-784F6BE24FA7}.Release|Any CPU.Build.0 = Release|Any CPU
		{03B6B5B8-B810-4EAC-AAB6-BBFA8A058C53}.DEBUG_CG|Any CPU.ActiveCfg = Debug|Any CPU
		{03B6B5B8-B810-4EAC-AAB6-BBFA8A058C53}.DEBUG_CG|Any CPU.Build.0 = Debug|Any CPU
		{03B6B5B8-B810-4EAC-AAB6-BBFA8A058C53}.Debug|Any CPU.ActiveCfg = Debug|Any CPU
		{03B6B5B8-B810-4EAC-AAB6-BBFA8A058C53}.Debug|Any CPU.Build.0 = Debug|Any CPU
		{03B6B5B8-B810-4EAC-AAB6-BBFA8A058C53}.Release|Any CPU.ActiveCfg = Release|Any CPU
		{03B6B5B8-B810-4EAC-AAB6-BBFA8A058C53}.Release|Any CPU.Build.0 = Release|Any CPU
		{25562B4D-B710-4988-B4AA-94F8F14B5A2D}.DEBUG_CG|Any CPU.ActiveCfg = Debug|Any CPU
		{25562B4D-B710-4988-B4AA-94F8F14B5A2D}.DEBUG_CG|Any CPU.Build.0 = Debug|Any CPU
		{25562B4D-B710-4988-B4AA-94F8F14B5A2D}.Debug|Any CPU.ActiveCfg = Debug|Any CPU
		{25562B4D-B710-4988-B4AA-94F8F14B5A2D}.Debug|Any CPU.Build.0 = Debug|Any CPU
		{25562B4D-B710-4988-B4AA-94F8F14B5A2D}.Release|Any CPU.ActiveCfg = Release|Any CPU
		{25562B4D-B710-4988-B4AA-94F8F14B5A2D}.Release|Any CPU.Build.0 = Release|Any CPU
		{7AFC6515-D0E3-46EE-8473-E42E6EE2D510}.DEBUG_CG|Any CPU.ActiveCfg = Debug|Any CPU
		{7AFC6515-D0E3-46EE-8473-E42E6EE2D510}.DEBUG_CG|Any CPU.Build.0 = Debug|Any CPU
		{7AFC6515-D0E3-46EE-8473-E42E6EE2D510}.Debug|Any CPU.ActiveCfg = Debug|Any CPU
		{7AFC6515-D0E3-46EE-8473-E42E6EE2D510}.Debug|Any CPU.Build.0 = Debug|Any CPU
		{7AFC6515-D0E3-46EE-8473-E42E6EE2D510}.Release|Any CPU.ActiveCfg = Release|Any CPU
		{7AFC6515-D0E3-46EE-8473-E42E6EE2D510}.Release|Any CPU.Build.0 = Release|Any CPU
		{2525DD0A-2346-4BCC-9332-4778D1699956}.DEBUG_CG|Any CPU.ActiveCfg = Debug|Any CPU
		{2525DD0A-2346-4BCC-9332-4778D1699956}.DEBUG_CG|Any CPU.Build.0 = Debug|Any CPU
		{2525DD0A-2346-4BCC-9332-4778D1699956}.Debug|Any CPU.ActiveCfg = Debug|Any CPU
		{2525DD0A-2346-4BCC-9332-4778D1699956}.Debug|Any CPU.Build.0 = Debug|Any CPU
		{2525DD0A-2346-4BCC-9332-4778D1699956}.Release|Any CPU.ActiveCfg = Release|Any CPU
		{2525DD0A-2346-4BCC-9332-4778D1699956}.Release|Any CPU.Build.0 = Release|Any CPU
		{4BDC34EA-9560-43FF-BB20-A437AF663061}.DEBUG_CG|Any CPU.ActiveCfg = Debug|Any CPU
		{4BDC34EA-9560-43FF-BB20-A437AF663061}.DEBUG_CG|Any CPU.Build.0 = Debug|Any CPU
		{4BDC34EA-9560-43FF-BB20-A437AF663061}.Debug|Any CPU.ActiveCfg = Debug|Any CPU
		{4BDC34EA-9560-43FF-BB20-A437AF663061}.Debug|Any CPU.Build.0 = Debug|Any CPU
		{4BDC34EA-9560-43FF-BB20-A437AF663061}.Release|Any CPU.ActiveCfg = Release|Any CPU
		{4BDC34EA-9560-43FF-BB20-A437AF663061}.Release|Any CPU.Build.0 = Release|Any CPU
		{F85BF7C4-637D-478F-BF86-BA7154355D78}.DEBUG_CG|Any CPU.ActiveCfg = Debug|Any CPU
		{F85BF7C4-637D-478F-BF86-BA7154355D78}.DEBUG_CG|Any CPU.Build.0 = Debug|Any CPU
		{F85BF7C4-637D-478F-BF86-BA7154355D78}.Debug|Any CPU.ActiveCfg = Debug|Any CPU
		{F85BF7C4-637D-478F-BF86-BA7154355D78}.Debug|Any CPU.Build.0 = Debug|Any CPU
		{F85BF7C4-637D-478F-BF86-BA7154355D78}.Release|Any CPU.ActiveCfg = Release|Any CPU
		{F85BF7C4-637D-478F-BF86-BA7154355D78}.Release|Any CPU.Build.0 = Release|Any CPU
		{B105B36A-67AB-41DE-9DE6-BE6550350436}.DEBUG_CG|Any CPU.ActiveCfg = Debug|Any CPU
		{B105B36A-67AB-41DE-9DE6-BE6550350436}.DEBUG_CG|Any CPU.Build.0 = Debug|Any CPU
		{B105B36A-67AB-41DE-9DE6-BE6550350436}.Debug|Any CPU.ActiveCfg = Debug|Any CPU
		{B105B36A-67AB-41DE-9DE6-BE6550350436}.Debug|Any CPU.Build.0 = Debug|Any CPU
		{B105B36A-67AB-41DE-9DE6-BE6550350436}.Release|Any CPU.ActiveCfg = Release|Any CPU
		{B105B36A-67AB-41DE-9DE6-BE6550350436}.Release|Any CPU.Build.0 = Release|Any CPU
		{F4A15877-FA26-4B08-B1C8-CB747735CA1F}.DEBUG_CG|Any CPU.ActiveCfg = Debug|Any CPU
		{F4A15877-FA26-4B08-B1C8-CB747735CA1F}.DEBUG_CG|Any CPU.Build.0 = Debug|Any CPU
		{F4A15877-FA26-4B08-B1C8-CB747735CA1F}.Debug|Any CPU.ActiveCfg = Debug|Any CPU
		{F4A15877-FA26-4B08-B1C8-CB747735CA1F}.Debug|Any CPU.Build.0 = Debug|Any CPU
		{F4A15877-FA26-4B08-B1C8-CB747735CA1F}.Release|Any CPU.ActiveCfg = Release|Any CPU
		{F4A15877-FA26-4B08-B1C8-CB747735CA1F}.Release|Any CPU.Build.0 = Release|Any CPU
		{7E396952-983B-4027-B90E-BEBA1EB5DDA3}.DEBUG_CG|Any CPU.ActiveCfg = Debug|Any CPU
		{7E396952-983B-4027-B90E-BEBA1EB5DDA3}.DEBUG_CG|Any CPU.Build.0 = Debug|Any CPU
		{7E396952-983B-4027-B90E-BEBA1EB5DDA3}.Debug|Any CPU.ActiveCfg = Debug|Any CPU
		{7E396952-983B-4027-B90E-BEBA1EB5DDA3}.Debug|Any CPU.Build.0 = Debug|Any CPU
		{7E396952-983B-4027-B90E-BEBA1EB5DDA3}.Release|Any CPU.ActiveCfg = Release|Any CPU
		{7E396952-983B-4027-B90E-BEBA1EB5DDA3}.Release|Any CPU.Build.0 = Release|Any CPU
		{5B53611F-2405-4EC0-A1FB-B2430D8803DD}.DEBUG_CG|Any CPU.ActiveCfg = Debug|Any CPU
		{5B53611F-2405-4EC0-A1FB-B2430D8803DD}.DEBUG_CG|Any CPU.Build.0 = Debug|Any CPU
		{5B53611F-2405-4EC0-A1FB-B2430D8803DD}.Debug|Any CPU.ActiveCfg = Debug|Any CPU
		{5B53611F-2405-4EC0-A1FB-B2430D8803DD}.Debug|Any CPU.Build.0 = Debug|Any CPU
		{5B53611F-2405-4EC0-A1FB-B2430D8803DD}.Release|Any CPU.ActiveCfg = Release|Any CPU
		{5B53611F-2405-4EC0-A1FB-B2430D8803DD}.Release|Any CPU.Build.0 = Release|Any CPU
		{335E026D-DFC6-4959-B5AF-4EC38EEDAB95}.DEBUG_CG|Any CPU.ActiveCfg = Debug|Any CPU
		{335E026D-DFC6-4959-B5AF-4EC38EEDAB95}.DEBUG_CG|Any CPU.Build.0 = Debug|Any CPU
		{335E026D-DFC6-4959-B5AF-4EC38EEDAB95}.Debug|Any CPU.ActiveCfg = Debug|Any CPU
		{335E026D-DFC6-4959-B5AF-4EC38EEDAB95}.Debug|Any CPU.Build.0 = Debug|Any CPU
		{335E026D-DFC6-4959-B5AF-4EC38EEDAB95}.Release|Any CPU.ActiveCfg = Release|Any CPU
		{335E026D-DFC6-4959-B5AF-4EC38EEDAB95}.Release|Any CPU.Build.0 = Release|Any CPU
		{5AA201AD-679E-4481-9036-42BFDA7146A5}.DEBUG_CG|Any CPU.ActiveCfg = Debug|Any CPU
		{5AA201AD-679E-4481-9036-42BFDA7146A5}.DEBUG_CG|Any CPU.Build.0 = Debug|Any CPU
		{5AA201AD-679E-4481-9036-42BFDA7146A5}.Debug|Any CPU.ActiveCfg = Debug|Any CPU
		{5AA201AD-679E-4481-9036-42BFDA7146A5}.Debug|Any CPU.Build.0 = Debug|Any CPU
		{5AA201AD-679E-4481-9036-42BFDA7146A5}.Release|Any CPU.ActiveCfg = Release|Any CPU
		{5AA201AD-679E-4481-9036-42BFDA7146A5}.Release|Any CPU.Build.0 = Release|Any CPU
		{BD23F9DC-44B8-46AF-99CF-DCD7F2DE2E40}.DEBUG_CG|Any CPU.ActiveCfg = Debug|Any CPU
		{BD23F9DC-44B8-46AF-99CF-DCD7F2DE2E40}.DEBUG_CG|Any CPU.Build.0 = Debug|Any CPU
		{BD23F9DC-44B8-46AF-99CF-DCD7F2DE2E40}.Debug|Any CPU.ActiveCfg = Debug|Any CPU
		{BD23F9DC-44B8-46AF-99CF-DCD7F2DE2E40}.Debug|Any CPU.Build.0 = Debug|Any CPU
		{BD23F9DC-44B8-46AF-99CF-DCD7F2DE2E40}.Release|Any CPU.ActiveCfg = Release|Any CPU
		{BD23F9DC-44B8-46AF-99CF-DCD7F2DE2E40}.Release|Any CPU.Build.0 = Release|Any CPU
		{5F7B80AE-06DA-4AA4-9992-3CE39AE2BB9F}.DEBUG_CG|Any CPU.ActiveCfg = Debug|Any CPU
		{5F7B80AE-06DA-4AA4-9992-3CE39AE2BB9F}.DEBUG_CG|Any CPU.Build.0 = Debug|Any CPU
		{5F7B80AE-06DA-4AA4-9992-3CE39AE2BB9F}.Debug|Any CPU.ActiveCfg = Debug|Any CPU
		{5F7B80AE-06DA-4AA4-9992-3CE39AE2BB9F}.Debug|Any CPU.Build.0 = Debug|Any CPU
		{5F7B80AE-06DA-4AA4-9992-3CE39AE2BB9F}.Release|Any CPU.ActiveCfg = Release|Any CPU
		{5F7B80AE-06DA-4AA4-9992-3CE39AE2BB9F}.Release|Any CPU.Build.0 = Release|Any CPU
		{CA1D97C6-3AFE-4145-9022-4D623D9D9E95}.DEBUG_CG|Any CPU.ActiveCfg = Debug|Any CPU
		{CA1D97C6-3AFE-4145-9022-4D623D9D9E95}.DEBUG_CG|Any CPU.Build.0 = Debug|Any CPU
		{CA1D97C6-3AFE-4145-9022-4D623D9D9E95}.Debug|Any CPU.ActiveCfg = Debug|Any CPU
		{CA1D97C6-3AFE-4145-9022-4D623D9D9E95}.Debug|Any CPU.Build.0 = Debug|Any CPU
		{CA1D97C6-3AFE-4145-9022-4D623D9D9E95}.Release|Any CPU.ActiveCfg = Release|Any CPU
		{CA1D97C6-3AFE-4145-9022-4D623D9D9E95}.Release|Any CPU.Build.0 = Release|Any CPU
		{31EBD100-F175-4667-98F9-7013FC075FD4}.DEBUG_CG|Any CPU.ActiveCfg = Debug|Any CPU
		{31EBD100-F175-4667-98F9-7013FC075FD4}.DEBUG_CG|Any CPU.Build.0 = Debug|Any CPU
		{31EBD100-F175-4667-98F9-7013FC075FD4}.Debug|Any CPU.ActiveCfg = Debug|Any CPU
		{31EBD100-F175-4667-98F9-7013FC075FD4}.Debug|Any CPU.Build.0 = Debug|Any CPU
		{31EBD100-F175-4667-98F9-7013FC075FD4}.Release|Any CPU.ActiveCfg = Release|Any CPU
		{31EBD100-F175-4667-98F9-7013FC075FD4}.Release|Any CPU.Build.0 = Release|Any CPU
		{6113E178-EAB4-4AFB-9821-9C5EB09B1324}.DEBUG_CG|Any CPU.ActiveCfg = Debug|Any CPU
		{6113E178-EAB4-4AFB-9821-9C5EB09B1324}.DEBUG_CG|Any CPU.Build.0 = Debug|Any CPU
		{6113E178-EAB4-4AFB-9821-9C5EB09B1324}.Debug|Any CPU.ActiveCfg = Debug|Any CPU
		{6113E178-EAB4-4AFB-9821-9C5EB09B1324}.Debug|Any CPU.Build.0 = Debug|Any CPU
		{6113E178-EAB4-4AFB-9821-9C5EB09B1324}.Release|Any CPU.ActiveCfg = Release|Any CPU
		{6113E178-EAB4-4AFB-9821-9C5EB09B1324}.Release|Any CPU.Build.0 = Release|Any CPU
		{CFFE928C-7245-4957-A133-7B3DFFCCDC5D}.DEBUG_CG|Any CPU.ActiveCfg = Debug|Any CPU
		{CFFE928C-7245-4957-A133-7B3DFFCCDC5D}.DEBUG_CG|Any CPU.Build.0 = Debug|Any CPU
		{CFFE928C-7245-4957-A133-7B3DFFCCDC5D}.Debug|Any CPU.ActiveCfg = Debug|Any CPU
		{CFFE928C-7245-4957-A133-7B3DFFCCDC5D}.Debug|Any CPU.Build.0 = Debug|Any CPU
		{CFFE928C-7245-4957-A133-7B3DFFCCDC5D}.Release|Any CPU.ActiveCfg = Release|Any CPU
		{CFFE928C-7245-4957-A133-7B3DFFCCDC5D}.Release|Any CPU.Build.0 = Release|Any CPU
		{2EF21CA4-E566-44C9-B3D9-59F588C725E0}.DEBUG_CG|Any CPU.ActiveCfg = Debug|Any CPU
		{2EF21CA4-E566-44C9-B3D9-59F588C725E0}.DEBUG_CG|Any CPU.Build.0 = Debug|Any CPU
		{2EF21CA4-E566-44C9-B3D9-59F588C725E0}.DEBUG_CG|Any CPU.Deploy.0 = Debug|Any CPU
		{2EF21CA4-E566-44C9-B3D9-59F588C725E0}.Debug|Any CPU.ActiveCfg = Debug|Any CPU
		{2EF21CA4-E566-44C9-B3D9-59F588C725E0}.Debug|Any CPU.Build.0 = Debug|Any CPU
		{2EF21CA4-E566-44C9-B3D9-59F588C725E0}.Debug|Any CPU.Deploy.0 = Debug|Any CPU
		{2EF21CA4-E566-44C9-B3D9-59F588C725E0}.Release|Any CPU.ActiveCfg = Release|Any CPU
		{2EF21CA4-E566-44C9-B3D9-59F588C725E0}.Release|Any CPU.Build.0 = Release|Any CPU
		{2EF21CA4-E566-44C9-B3D9-59F588C725E0}.Release|Any CPU.Deploy.0 = Release|Any CPU
		{07BFFC5E-F590-4505-9EBD-7C1A0FABA1D8}.DEBUG_CG|Any CPU.ActiveCfg = Debug|Any CPU
		{07BFFC5E-F590-4505-9EBD-7C1A0FABA1D8}.DEBUG_CG|Any CPU.Build.0 = Debug|Any CPU
		{07BFFC5E-F590-4505-9EBD-7C1A0FABA1D8}.Debug|Any CPU.ActiveCfg = Debug|Any CPU
		{07BFFC5E-F590-4505-9EBD-7C1A0FABA1D8}.Debug|Any CPU.Build.0 = Debug|Any CPU
		{07BFFC5E-F590-4505-9EBD-7C1A0FABA1D8}.Release|Any CPU.ActiveCfg = Release|Any CPU
		{07BFFC5E-F590-4505-9EBD-7C1A0FABA1D8}.Release|Any CPU.Build.0 = Release|Any CPU
		{DE316518-D7EA-42FE-84C5-FB65AC910BF8}.DEBUG_CG|Any CPU.ActiveCfg = Debug|Any CPU
		{DE316518-D7EA-42FE-84C5-FB65AC910BF8}.DEBUG_CG|Any CPU.Build.0 = Debug|Any CPU
		{DE316518-D7EA-42FE-84C5-FB65AC910BF8}.Debug|Any CPU.ActiveCfg = Debug|Any CPU
		{DE316518-D7EA-42FE-84C5-FB65AC910BF8}.Debug|Any CPU.Build.0 = Debug|Any CPU
		{DE316518-D7EA-42FE-84C5-FB65AC910BF8}.Release|Any CPU.ActiveCfg = Release|Any CPU
		{DE316518-D7EA-42FE-84C5-FB65AC910BF8}.Release|Any CPU.Build.0 = Release|Any CPU
		{FA8D2ADA-18EA-48A3-8799-5C0CF80689A7}.DEBUG_CG|Any CPU.ActiveCfg = DEBUG_CG|Any CPU
		{FA8D2ADA-18EA-48A3-8799-5C0CF80689A7}.DEBUG_CG|Any CPU.Build.0 = DEBUG_CG|Any CPU
		{FA8D2ADA-18EA-48A3-8799-5C0CF80689A7}.Debug|Any CPU.ActiveCfg = Debug|Any CPU
		{FA8D2ADA-18EA-48A3-8799-5C0CF80689A7}.Debug|Any CPU.Build.0 = Debug|Any CPU
		{FA8D2ADA-18EA-48A3-8799-5C0CF80689A7}.Release|Any CPU.ActiveCfg = Release|Any CPU
		{FA8D2ADA-18EA-48A3-8799-5C0CF80689A7}.Release|Any CPU.Build.0 = Release|Any CPU
		{A6F05F99-30F6-402A-8107-0C92E3285307}.DEBUG_CG|Any CPU.ActiveCfg = Debug|Any CPU
		{A6F05F99-30F6-402A-8107-0C92E3285307}.DEBUG_CG|Any CPU.Build.0 = Debug|Any CPU
		{A6F05F99-30F6-402A-8107-0C92E3285307}.Debug|Any CPU.ActiveCfg = Debug|Any CPU
		{A6F05F99-30F6-402A-8107-0C92E3285307}.Debug|Any CPU.Build.0 = Debug|Any CPU
		{A6F05F99-30F6-402A-8107-0C92E3285307}.Release|Any CPU.ActiveCfg = Release|Any CPU
		{A6F05F99-30F6-402A-8107-0C92E3285307}.Release|Any CPU.Build.0 = Release|Any CPU
		{A80529CA-4CD0-4632-954E-B64FE176A563}.DEBUG_CG|Any CPU.ActiveCfg = Debug|Any CPU
		{A80529CA-4CD0-4632-954E-B64FE176A563}.DEBUG_CG|Any CPU.Build.0 = Debug|Any CPU
		{A80529CA-4CD0-4632-954E-B64FE176A563}.Debug|Any CPU.ActiveCfg = Debug|Any CPU
		{A80529CA-4CD0-4632-954E-B64FE176A563}.Debug|Any CPU.Build.0 = Debug|Any CPU
		{A80529CA-4CD0-4632-954E-B64FE176A563}.Release|Any CPU.ActiveCfg = Release|Any CPU
		{A80529CA-4CD0-4632-954E-B64FE176A563}.Release|Any CPU.Build.0 = Release|Any CPU
		{81884241-8E07-41A7-9F3E-E399481CD3FB}.DEBUG_CG|Any CPU.ActiveCfg = Debug|Any CPU
		{81884241-8E07-41A7-9F3E-E399481CD3FB}.DEBUG_CG|Any CPU.Build.0 = Debug|Any CPU
		{81884241-8E07-41A7-9F3E-E399481CD3FB}.Debug|Any CPU.ActiveCfg = Debug|Any CPU
		{81884241-8E07-41A7-9F3E-E399481CD3FB}.Debug|Any CPU.Build.0 = Debug|Any CPU
		{81884241-8E07-41A7-9F3E-E399481CD3FB}.Release|Any CPU.ActiveCfg = Release|Any CPU
		{81884241-8E07-41A7-9F3E-E399481CD3FB}.Release|Any CPU.Build.0 = Release|Any CPU
		{D20BE2B3-C2D2-45F0-B3BA-750D5331CD6E}.DEBUG_CG|Any CPU.ActiveCfg = Debug|Any CPU
		{D20BE2B3-C2D2-45F0-B3BA-750D5331CD6E}.DEBUG_CG|Any CPU.Build.0 = Debug|Any CPU
		{D20BE2B3-C2D2-45F0-B3BA-750D5331CD6E}.Debug|Any CPU.ActiveCfg = Debug|Any CPU
		{D20BE2B3-C2D2-45F0-B3BA-750D5331CD6E}.Debug|Any CPU.Build.0 = Debug|Any CPU
		{D20BE2B3-C2D2-45F0-B3BA-750D5331CD6E}.Release|Any CPU.ActiveCfg = Release|Any CPU
		{D20BE2B3-C2D2-45F0-B3BA-750D5331CD6E}.Release|Any CPU.Build.0 = Release|Any CPU
		{A9339DA6-ADA8-459F-8DEF-C234CC1FBE29}.DEBUG_CG|Any CPU.ActiveCfg = Debug|Any CPU
		{A9339DA6-ADA8-459F-8DEF-C234CC1FBE29}.DEBUG_CG|Any CPU.Build.0 = Debug|Any CPU
		{A9339DA6-ADA8-459F-8DEF-C234CC1FBE29}.Debug|Any CPU.ActiveCfg = Debug|Any CPU
		{A9339DA6-ADA8-459F-8DEF-C234CC1FBE29}.Debug|Any CPU.Build.0 = Debug|Any CPU
		{A9339DA6-ADA8-459F-8DEF-C234CC1FBE29}.Release|Any CPU.ActiveCfg = Release|Any CPU
		{A9339DA6-ADA8-459F-8DEF-C234CC1FBE29}.Release|Any CPU.Build.0 = Release|Any CPU
		{01AF9365-1D87-4CFF-8E08-84637F276BBF}.DEBUG_CG|Any CPU.ActiveCfg = Debug|Any CPU
		{01AF9365-1D87-4CFF-8E08-84637F276BBF}.DEBUG_CG|Any CPU.Build.0 = Debug|Any CPU
		{01AF9365-1D87-4CFF-8E08-84637F276BBF}.Debug|Any CPU.ActiveCfg = Debug|Any CPU
		{01AF9365-1D87-4CFF-8E08-84637F276BBF}.Debug|Any CPU.Build.0 = Debug|Any CPU
		{01AF9365-1D87-4CFF-8E08-84637F276BBF}.Release|Any CPU.ActiveCfg = Release|Any CPU
		{01AF9365-1D87-4CFF-8E08-84637F276BBF}.Release|Any CPU.Build.0 = Release|Any CPU
		{E339C424-3342-4563-8FF5-8995CABAE37A}.DEBUG_CG|Any CPU.ActiveCfg = Debug|Any CPU
		{E339C424-3342-4563-8FF5-8995CABAE37A}.DEBUG_CG|Any CPU.Build.0 = Debug|Any CPU
		{E339C424-3342-4563-8FF5-8995CABAE37A}.Debug|Any CPU.ActiveCfg = Debug|Any CPU
		{E339C424-3342-4563-8FF5-8995CABAE37A}.Debug|Any CPU.Build.0 = Debug|Any CPU
		{E339C424-3342-4563-8FF5-8995CABAE37A}.Release|Any CPU.ActiveCfg = Release|Any CPU
		{E339C424-3342-4563-8FF5-8995CABAE37A}.Release|Any CPU.Build.0 = Release|Any CPU
		{C90A385F-23F7-4CDD-BDDD-B39A3BDE64FC}.DEBUG_CG|Any CPU.ActiveCfg = Debug|Any CPU
		{C90A385F-23F7-4CDD-BDDD-B39A3BDE64FC}.DEBUG_CG|Any CPU.Build.0 = Debug|Any CPU
		{C90A385F-23F7-4CDD-BDDD-B39A3BDE64FC}.Debug|Any CPU.ActiveCfg = Debug|Any CPU
		{C90A385F-23F7-4CDD-BDDD-B39A3BDE64FC}.Debug|Any CPU.Build.0 = Debug|Any CPU
		{C90A385F-23F7-4CDD-BDDD-B39A3BDE64FC}.Release|Any CPU.ActiveCfg = Release|Any CPU
		{C90A385F-23F7-4CDD-BDDD-B39A3BDE64FC}.Release|Any CPU.Build.0 = Release|Any CPU
		{7CEE1521-941B-409B-A3F5-AE9378F0DBB1}.DEBUG_CG|Any CPU.ActiveCfg = Debug|Any CPU
		{7CEE1521-941B-409B-A3F5-AE9378F0DBB1}.DEBUG_CG|Any CPU.Build.0 = Debug|Any CPU
		{7CEE1521-941B-409B-A3F5-AE9378F0DBB1}.Debug|Any CPU.ActiveCfg = Debug|Any CPU
		{7CEE1521-941B-409B-A3F5-AE9378F0DBB1}.Debug|Any CPU.Build.0 = Debug|Any CPU
		{7CEE1521-941B-409B-A3F5-AE9378F0DBB1}.Release|Any CPU.ActiveCfg = Release|Any CPU
		{7CEE1521-941B-409B-A3F5-AE9378F0DBB1}.Release|Any CPU.Build.0 = Release|Any CPU
	EndGlobalSection
	GlobalSection(SolutionProperties) = preSolution
		HideSolutionNode = FALSE
	EndGlobalSection
	GlobalSection(NestedProjects) = preSolution
		{76568720-5C64-405F-AD90-0A73C8244410} = {C32E20C0-DCB1-4019-BD6B-0003638DB9BF}
		{374C1CF3-9FA7-412B-9AD9-0BC8E121CF83} = {5FD0859D-6530-4DDC-A9F6-FC5648EA44B6}
		{9297D74F-88C0-4110-8C94-E0ABDD4DB691} = {8AC9F283-BE31-4ADA-9EB2-4CE41BF0AC0B}
		{1D9FB004-D1DC-45E4-8A49-E329CAAE0D79} = {5FD0859D-6530-4DDC-A9F6-FC5648EA44B6}
		{3510EF97-6B8F-474F-BBCC-BEDE4AE59385} = {5FD0859D-6530-4DDC-A9F6-FC5648EA44B6}
		{B46D5685-E8AF-44FC-B994-1325225B5C84} = {B70B358B-75BD-4F98-922F-84A69C03FA0B}
		{9EC0B496-FE07-4FDE-92E1-F62366125138} = {7762A995-A200-4618-9A20-8E90D55402E7}
		{F48514E9-9B2B-426B-A98E-CDFDE3E1EA81} = {855ECCB8-AEE8-49B3-B5DA-1F2A67F348B7}
		{66BDA703-5D89-4A22-A89B-8DEE0032E431} = {7E69504D-C80C-4953-918E-DFE5AAD9D2E3}
		{76D3621C-3147-4C63-91A7-784F6BE24FA7} = {F2BA080C-1A09-4877-9AA0-E4158CA09DBE}
		{03B6B5B8-B810-4EAC-AAB6-BBFA8A058C53} = {F2BA080C-1A09-4877-9AA0-E4158CA09DBE}
		{25562B4D-B710-4988-B4AA-94F8F14B5A2D} = {F2BA080C-1A09-4877-9AA0-E4158CA09DBE}
		{7AFC6515-D0E3-46EE-8473-E42E6EE2D510} = {A8F023E9-60FB-48DA-9510-1A0325C9F714}
		{2525DD0A-2346-4BCC-9332-4778D1699956} = {A8F023E9-60FB-48DA-9510-1A0325C9F714}
		{4BDC34EA-9560-43FF-BB20-A437AF663061} = {A8F023E9-60FB-48DA-9510-1A0325C9F714}
		{F85BF7C4-637D-478F-BF86-BA7154355D78} = {A8F023E9-60FB-48DA-9510-1A0325C9F714}
		{B105B36A-67AB-41DE-9DE6-BE6550350436} = {A8F023E9-60FB-48DA-9510-1A0325C9F714}
		{F4A15877-FA26-4B08-B1C8-CB747735CA1F} = {A8F023E9-60FB-48DA-9510-1A0325C9F714}
		{7E396952-983B-4027-B90E-BEBA1EB5DDA3} = {A8F023E9-60FB-48DA-9510-1A0325C9F714}
		{5B53611F-2405-4EC0-A1FB-B2430D8803DD} = {A8F023E9-60FB-48DA-9510-1A0325C9F714}
		{335E026D-DFC6-4959-B5AF-4EC38EEDAB95} = {A8F023E9-60FB-48DA-9510-1A0325C9F714}
		{5AA201AD-679E-4481-9036-42BFDA7146A5} = {A8F023E9-60FB-48DA-9510-1A0325C9F714}
		{BD23F9DC-44B8-46AF-99CF-DCD7F2DE2E40} = {A8F023E9-60FB-48DA-9510-1A0325C9F714}
		{5F7B80AE-06DA-4AA4-9992-3CE39AE2BB9F} = {7762A995-A200-4618-9A20-8E90D55402E7}
		{CA1D97C6-3AFE-4145-9022-4D623D9D9E95} = {A8F023E9-60FB-48DA-9510-1A0325C9F714}
		{31EBD100-F175-4667-98F9-7013FC075FD4} = {B70B358B-75BD-4F98-922F-84A69C03FA0B}
		{6113E178-EAB4-4AFB-9821-9C5EB09B1324} = {F2BA080C-1A09-4877-9AA0-E4158CA09DBE}
		{CFFE928C-7245-4957-A133-7B3DFFCCDC5D} = {7E69504D-C80C-4953-918E-DFE5AAD9D2E3}
		{2EF21CA4-E566-44C9-B3D9-59F588C725E0} = {3460FC15-DD24-4AA8-BCD3-0BB4F42FD14A}
		{07BFFC5E-F590-4505-9EBD-7C1A0FABA1D8} = {A8F023E9-60FB-48DA-9510-1A0325C9F714}
		{DE316518-D7EA-42FE-84C5-FB65AC910BF8} = {A8F023E9-60FB-48DA-9510-1A0325C9F714}
		{FA8D2ADA-18EA-48A3-8799-5C0CF80689A7} = {C32E20C0-DCB1-4019-BD6B-0003638DB9BF}
		{A6F05F99-30F6-402A-8107-0C92E3285307} = {9CC67808-BB6B-49B0-9B88-23F4C8BA07A3}
		{A80529CA-4CD0-4632-954E-B64FE176A563} = {7A3F7AFC-D916-4673-920C-01312B6BD7A9}
		{81884241-8E07-41A7-9F3E-E399481CD3FB} = {7A3F7AFC-D916-4673-920C-01312B6BD7A9}
		{D20BE2B3-C2D2-45F0-B3BA-750D5331CD6E} = {7A3F7AFC-D916-4673-920C-01312B6BD7A9}
		{A9339DA6-ADA8-459F-8DEF-C234CC1FBE29} = {7A3F7AFC-D916-4673-920C-01312B6BD7A9}
		{7A3F7AFC-D916-4673-920C-01312B6BD7A9} = {C3FEA30E-63CA-42E7-85AA-2571B51FADB0}
		{6F346111-6ACB-4059-9966-085C4A97EE99} = {C3FEA30E-63CA-42E7-85AA-2571B51FADB0}
		{01AF9365-1D87-4CFF-8E08-84637F276BBF} = {6F346111-6ACB-4059-9966-085C4A97EE99}
		{E339C424-3342-4563-8FF5-8995CABAE37A} = {6F346111-6ACB-4059-9966-085C4A97EE99}
		{CAF0B91D-E906-46ED-BBFB-BCF1D89113DF} = {C3FEA30E-63CA-42E7-85AA-2571B51FADB0}
		{C90A385F-23F7-4CDD-BDDD-B39A3BDE64FC} = {CAF0B91D-E906-46ED-BBFB-BCF1D89113DF}
		{978C939F-65BA-40D1-B206-E0847628AFCC} = {C3FEA30E-63CA-42E7-85AA-2571B51FADB0}
		{7CEE1521-941B-409B-A3F5-AE9378F0DBB1} = {978C939F-65BA-40D1-B206-E0847628AFCC}
	EndGlobalSection
	GlobalSection(ExtensibilityGlobals) = postSolution
		SolutionGuid = {D24CCF61-398E-4E4E-9229-F1A2D24B1AB2}
	EndGlobalSection
EndGlobal
