
Microsoft Visual Studio Solution File, Format Version 12.00
# Visual Studio Version 17
VisualStudioVersion = 17.10.34707.107
MinimumVisualStudioVersion = 10.0.40219.1
Project("{9A19103F-16F7-4668-BE54-9A1E7A4F7556}") = "SCscCL_CSharpLanguageVersionNUnitTest", "SCscCL_CSharpLanguageVersionNUnitTest\SCscCL_CSharpLanguageVersionNUnitTest.csproj", "{CDA86639-900A-404E-BBA2-415DA1C78E10}"
EndProject
Global
	GlobalSection(SolutionConfigurationPlatforms) = preSolution
		Debug|Any CPU = Debug|Any CPU
		Release|Any CPU = Release|Any CPU
	EndGlobalSection
	GlobalSection(ProjectConfigurationPlatforms) = postSolution
		{CDA86639-900A-404E-BBA2-415DA1C78E10}.Debug|Any CPU.ActiveCfg = Debug|Any CPU
		{CDA86639-900A-404E-BBA2-415DA1C78E10}.Debug|Any CPU.Build.0 = Debug|Any CPU
		{CDA86639-900A-404E-BBA2-415DA1C78E10}.Release|Any CPU.ActiveCfg = Release|Any CPU
		{CDA86639-900A-404E-BBA2-415DA1C78E10}.Release|Any CPU.Build.0 = Release|Any CPU
	EndGlobalSection
	GlobalSection(SolutionProperties) = preSolution
		HideSolutionNode = FALSE
	EndGlobalSection
	GlobalSection(ExtensibilityGlobals) = postSolution
		SolutionGuid = {A14A56BE-152C-49D8-A42A-5DD7BA4F2E19}
	EndGlobalSection
EndGlobal
